
Microsoft Visual Studio Solution File, Format Version 12.00
# Visual Studio Version 17
VisualStudioVersion = 17.10.34928.147
MinimumVisualStudioVersion = 10.0.40219.1
Project("{8BC9CEB8-8B4A-11D0-8D11-00A0C91BC942}") = "单向链表模板", "单向链表模板\单向链表模板.vcxproj", "{76C032D7-FC5A-4E12-A59B-8789F40FC3E5}"
EndProject
Global
	GlobalSection(SolutionConfigurationPlatforms) = preSolution
		Debug|x64 = Debug|x64
		Debug|x86 = Debug|x86
		Release|x64 = Release|x64
		Release|x86 = Release|x86
	EndGlobalSection
	GlobalSection(ProjectConfigurationPlatforms) = postSolution
		{76C032D7-FC5A-4E12-A59B-8789F40FC3E5}.Debug|x64.ActiveCfg = Debug|x64
		{76C032D7-FC5A-4E12-A59B-8789F40FC3E5}.Debug|x64.Build.0 = Debug|x64
		{76C032D7-FC5A-4E12-A59B-8789F40FC3E5}.Debug|x86.ActiveCfg = Debug|Win32
		{76C032D7-FC5A-4E12-A59B-8789F40FC3E5}.Debug|x86.Build.0 = Debug|Win32
		{76C032D7-FC5A-4E12-A59B-8789F40FC3E5}.Release|x64.ActiveCfg = Release|x64
		{76C032D7-FC5A-4E12-A59B-8789F40FC3E5}.Release|x64.Build.0 = Release|x64
		{76C032D7-FC5A-4E12-A59B-8789F40FC3E5}.Release|x86.ActiveCfg = Release|Win32
		{76C032D7-FC5A-4E12-A59B-8789F40FC3E5}.Release|x86.Build.0 = Release|Win32
	EndGlobalSection
	GlobalSection(SolutionProperties) = preSolution
		HideSolutionNode = FALSE
	EndGlobalSection
	GlobalSection(ExtensibilityGlobals) = postSolution
		SolutionGuid = {D2091E95-5D02-493D-ABE5-060D219ED74A}
	EndGlobalSection
EndGlobal
